
Microsoft Visual Studio Solution File, Format Version 12.00
# Visual Studio Version 16
VisualStudioVersion = 16.0.30907.101
MinimumVisualStudioVersion = 10.0.40219.1
Project("{FAE04EC0-301F-11D3-BF4B-00C04F79EFBC}") = "TheSportsDB", "TheSportsDB\TheSportsDB.csproj", "{3F022B73-4BE6-489C-9DFC-678E0D049406}"
EndProject
Global
	GlobalSection(SolutionConfigurationPlatforms) = preSolution
		Debug|Any CPU = Debug|Any CPU
		Release|Any CPU = Release|Any CPU
	EndGlobalSection
	GlobalSection(ProjectConfigurationPlatforms) = postSolution
		{3F022B73-4BE6-489C-9DFC-678E0D049406}.Debug|Any CPU.ActiveCfg = Debug|Any CPU
		{3F022B73-4BE6-489C-9DFC-678E0D049406}.Debug|Any CPU.Build.0 = Debug|Any CPU
		{3F022B73-4BE6-489C-9DFC-678E0D049406}.Release|Any CPU.ActiveCfg = Release|Any CPU
		{3F022B73-4BE6-489C-9DFC-678E0D049406}.Release|Any CPU.Build.0 = Release|Any CPU
	EndGlobalSection
	GlobalSection(SolutionProperties) = preSolution
		HideSolutionNode = FALSE
	EndGlobalSection
	GlobalSection(ExtensibilityGlobals) = postSolution
		SolutionGuid = {5C7625A6-5E41-45A4-93FE-B1ED4E986E7C}
	EndGlobalSection
EndGlobal
